PODS:
  - AFNetworking (2.6.3):
    - AFNetworking/NSURLConnection (= 2.6.3)
    - AFNetworking/NSURLSession (= 2.6.3)
    - AFNetworking/Reachability (= 2.6.3)
    - AFNetworking/Security (= 2.6.3)
    - AFNetworking/Serialization (= 2.6.3)
    - AFNetworking/UIKit (= 2.6.3)
  - AFNetworking/NSURLConnection (2.6.3):
    - AFNetworking/Reachability
    - AFNetworking/Security
    - AFNetworking/Serialization
  - AFNetworking/NSURLSession (2.6.3):
    - AFNetworking/Reachability
    - AFNetworking/Security
    - AFNetworking/Serialization
  - AFNetworking/Reachability (2.6.3)
  - AFNetworking/Security (2.6.3)
  - AFNetworking/Serialization (2.6.3)
  - AFNetworking/UIKit (2.6.3):
    - AFNetworking/NSURLConnection
    - AFNetworking/NSURLSession
  - JSONKit (1.5pre)
  - Kiwi (2.4.0)
  - ThirdPayLib (0.1.1):
    - AFNetworking (~> 2.0)
    - JSONKit (~> 1.5pre)

DEPENDENCIES:
  - Kiwi
  - ThirdPayLib (from `../`)

EXTERNAL SOURCES:
  ThirdPayLib:
    :path: "../"

SPEC CHECKSUMS:
  AFNetworking: cb8d14a848e831097108418f5d49217339d4eb60
  JSONKit: bae313ce6a6c444f40489a6c0b023f399888871f
  Kiwi: f49c9d54b28917df5928fe44968a39ed198cb8a8
  ThirdPayLib: e1e9d55a70d69c6aa65c519f0cff9f1c60948159

PODFILE CHECKSUM: 6ad449934bb9b601087f9d3fb9dd9722821f34b4

COCOAPODS: 1.0.1
